{
  "name": "tinproject",
  "lockfileVersion": 2,
  "requires": true,
  "packages": {
    "": {
      "dependencies": {
        "hamlet-js": "^0.1.1"
      }
    },
    "node_modules/commander": {
      "version": "1.1.1",
      "resolved": "https://registry.npmjs.org/commander/-/commander-1.1.1.tgz",
      "integrity": "sha512-71Rod2AhcH3JhkBikVpNd0pA+fWsmAaVoti6OR38T76chA7vE3pSerS0Jor4wDw+tOueD2zLVvFOw5H0Rcj7rA==",
      "dependencies": {
        "keypress": "0.1.x"
      },
      "engines": {
        "node": ">= 0.6.x"
      }
    },
    "node_modules/haml": {
      "version": "0.4.3",
      "resolved": "https://registry.npmjs.org/haml/-/haml-0.4.3.tgz",
      "integrity": "sha512-Ob1OvsQ+LV7DHINOmf9nyE7s5XktOos9X8/hRgb9iwsWIMITui5NP7ravwHV8anenfzZ4ZRpYHPFqGVXAjvc9g==",
      "bin": {
        "haml-js": "lib/cli.js"
      }
    },
    "node_modules/hamlet-js": {
      "version": "0.1.1",
      "resolved": "https://registry.npmjs.org/hamlet-js/-/hamlet-js-0.1.1.tgz",
      "integrity": "sha512-BKv2f7Ct2Wx68schwaYgMLxt2USH9mZUzM7HoTnwFM9NInyyrXaEd+YwQJjVXkcbTnUHvaZ1joIIsTNUweopnQ==",
      "dependencies": {
        "commander": "1.1.x",
        "haml": "0.4.3"
      },
      "bin": {
        "hamlet": "index.js"
      }
    },
    "node_modules/keypress": {
      "version": "0.1.0",
      "resolved": "https://registry.npmjs.org/keypress/-/keypress-0.1.0.tgz",
      "integrity": "sha512-x0yf9PL/nx9Nw9oLL8ZVErFAk85/lslwEP7Vz7s5SI1ODXZIgit3C5qyWjw4DxOuO/3Hb4866SQh28a1V1d+WA=="
    }
  },
  "dependencies": {
    "commander": {
      "version": "1.1.1",
      "resolved": "https://registry.npmjs.org/commander/-/commander-1.1.1.tgz",
      "integrity": "sha512-71Rod2AhcH3JhkBikVpNd0pA+fWsmAaVoti6OR38T76chA7vE3pSerS0Jor4wDw+tOueD2zLVvFOw5H0Rcj7rA==",
      "requires": {
        "keypress": "0.1.x"
      }
    },
    "haml": {
      "version": "0.4.3",
      "resolved": "https://registry.npmjs.org/haml/-/haml-0.4.3.tgz",
      "integrity": "sha512-Ob1OvsQ+LV7DHINOmf9nyE7s5XktOos9X8/hRgb9iwsWIMITui5NP7ravwHV8anenfzZ4ZRpYHPFqGVXAjvc9g=="
    },
    "hamlet-js": {
      "version": "0.1.1",
      "resolved": "https://registry.npmjs.org/hamlet-js/-/hamlet-js-0.1.1.tgz",
      "integrity": "sha512-BKv2f7Ct2Wx68schwaYgMLxt2USH9mZUzM7HoTnwFM9NInyyrXaEd+YwQJjVXkcbTnUHvaZ1joIIsTNUweopnQ==",
      "requires": {
        "commander": "1.1.x",
        "haml": "0.4.3"
      }
    },
    "keypress": {
      "version": "0.1.0",
      "resolved": "https://registry.npmjs.org/keypress/-/keypress-0.1.0.tgz",
      "integrity": "sha512-x0yf9PL/nx9Nw9oLL8ZVErFAk85/lslwEP7Vz7s5SI1ODXZIgit3C5qyWjw4DxOuO/3Hb4866SQh28a1V1d+WA=="
    }
  }
}
